
Microsoft Visual Studio Solution File, Format Version 12.00
# Visual Studio Version 17
VisualStudioVersion = 17.1.32210.238
MinimumVisualStudioVersion = 10.0.40219.1
Project("{9A19103F-16F7-4668-BE54-9A1E7A4F7556}") = "CodeAnal.Application", "CodeAnal.Application\CodeAnal.Application.csproj", "{926FEFD6-6162-48B7-B536-0C19A9FE5701}"
EndProject
Project("{9A19103F-16F7-4668-BE54-9A1E7A4F7556}") = "CodeAnal.Domain", "CodeAnal.Domain\CodeAnal.Domain.csproj", "{B19644F8-A5FC-48D8-85AF-282BC6A29597}"
EndProject
Project("{9A19103F-16F7-4668-BE54-9A1E7A4F7556}") = "CodeAnal.Cli", "CodeAnal.Cli\CodeAnal.Cli.csproj", "{6C81E620-9C2D-49AD-AD33-BE48CDF35E17}"
EndProject
Global
	GlobalSection(SolutionConfigurationPlatforms) = preSolution
		Debug|Any CPU = Debug|Any CPU
		Release|Any CPU = Release|Any CPU
	EndGlobalSection
	GlobalSection(ProjectConfigurationPlatforms) = postSolution
		{926FEFD6-6162-48B7-B536-0C19A9FE5701}.Debug|Any CPU.ActiveCfg = Debug|Any CPU
		{926FEFD6-6162-48B7-B536-0C19A9FE5701}.Debug|Any CPU.Build.0 = Debug|Any CPU
		{926FEFD6-6162-48B7-B536-0C19A9FE5701}.Release|Any CPU.ActiveCfg = Release|Any CPU
		{926FEFD6-6162-48B7-B536-0C19A9FE5701}.Release|Any CPU.Build.0 = Release|Any CPU
		{B19644F8-A5FC-48D8-85AF-282BC6A29597}.Debug|Any CPU.ActiveCfg = Debug|Any CPU
		{B19644F8-A5FC-48D8-85AF-282BC6A29597}.Debug|Any CPU.Build.0 = Debug|Any CPU
		{B19644F8-A5FC-48D8-85AF-282BC6A29597}.Release|Any CPU.ActiveCfg = Release|Any CPU
		{B19644F8-A5FC-48D8-85AF-282BC6A29597}.Release|Any CPU.Build.0 = Release|Any CPU
		{6C81E620-9C2D-49AD-AD33-BE48CDF35E17}.Debug|Any CPU.ActiveCfg = Debug|Any CPU
		{6C81E620-9C2D-49AD-AD33-BE48CDF35E17}.Debug|Any CPU.Build.0 = Debug|Any CPU
		{6C81E620-9C2D-49AD-AD33-BE48CDF35E17}.Release|Any CPU.ActiveCfg = Release|Any CPU
		{6C81E620-9C2D-49AD-AD33-BE48CDF35E17}.Release|Any CPU.Build.0 = Release|Any CPU
	EndGlobalSection
	GlobalSection(SolutionProperties) = preSolution
		HideSolutionNode = FALSE
	EndGlobalSection
	GlobalSection(ExtensibilityGlobals) = postSolution
		SolutionGuid = {CDD06E09-7B58-4209-9482-30DB6CEA8992}
	EndGlobalSection
EndGlobal
